
Microsoft Visual Studio Solution File, Format Version 12.00
# Visual Studio Version 17
VisualStudioVersion = 17.13.35828.75 d17.13
MinimumVisualStudioVersion = 10.0.40219.1
Project("{FAE04EC0-301F-11D3-BF4B-00C04F79EFBC}") = "InterfacesConsole", "InterfacesConsole\InterfacesConsole.csproj", "{985812B6-AF01-49E5-943D-BB02D992B9A5}"
EndProject
Global
	GlobalSection(SolutionConfigurationPlatforms) = preSolution
		Debug|Any CPU = Debug|Any CPU
		Release|Any CPU = Release|Any CPU
	EndGlobalSection
	GlobalSection(ProjectConfigurationPlatforms) = postSolution
		{985812B6-AF01-49E5-943D-BB02D992B9A5}.Debug|Any CPU.ActiveCfg = Debug|Any CPU
		{985812B6-AF01-49E5-943D-BB02D992B9A5}.Debug|Any CPU.Build.0 = Debug|Any CPU
		{985812B6-AF01-49E5-943D-BB02D992B9A5}.Release|Any CPU.ActiveCfg = Release|Any CPU
		{985812B6-AF01-49E5-943D-BB02D992B9A5}.Release|Any CPU.Build.0 = Release|Any CPU
	EndGlobalSection
	GlobalSection(SolutionProperties) = preSolution
		HideSolutionNode = FALSE
	EndGlobalSection
	GlobalSection(ExtensibilityGlobals) = postSolution
		SolutionGuid = {A12797C7-A782-48E6-A41B-DE118CBEFB71}
	EndGlobalSection
EndGlobal
